
Microsoft Visual Studio Solution File, Format Version 12.00
# Visual Studio 2013
VisualStudioVersion = 12.0.30501.0
MinimumVisualStudioVersion = 10.0.40219.1
Project("{8BC9CEB8-8B4A-11D0-8D11-00A0C91BC942}") = "SybLib", "SybLib.vcxproj", "{F4BCB227-2D40-4F5E-B42A-C2AFA5F3323C}"
EndProject
Project("{8BC9CEB8-8B4A-11D0-8D11-00A0C91BC942}") = "Bomberman", "..\Bomberman\Bomberman.vcxproj", "{1553F6E0-28A2-4ACF-9B5A-CE462378B30E}"
EndProject
Project("{8BC9CEB8-8B4A-11D0-8D11-00A0C91BC942}") = "Sample", "..\Sample\Sample.vcxproj", "{105EFD56-79A9-4538-A960-69C486E1A503}"
EndProject
Project("{8BC9CEB8-8B4A-11D0-8D11-00A0C91BC942}") = "VirtualMachine", "..\Interpreter\Interpreter.vcxproj", "{343BB3E9-380B-44C4-BB6C-0F4B8FCCAE6F}"
EndProject
Global
	GlobalSection(SolutionConfigurationPlatforms) = preSolution
		Debug|Win32 = Debug|Win32
		Release|Win32 = Release|Win32
	EndGlobalSection
	GlobalSection(ProjectConfigurationPlatforms) = postSolution
		{F4BCB227-2D40-4F5E-B42A-C2AFA5F3323C}.Debug|Win32.ActiveCfg = Debug|Win32
		{F4BCB227-2D40-4F5E-B42A-C2AFA5F3323C}.Debug|Win32.Build.0 = Debug|Win32
		{F4BCB227-2D40-4F5E-B42A-C2AFA5F3323C}.Release|Win32.ActiveCfg = Release|Win32
		{F4BCB227-2D40-4F5E-B42A-C2AFA5F3323C}.Release|Win32.Build.0 = Release|Win32
		{1553F6E0-28A2-4ACF-9B5A-CE462378B30E}.Debug|Win32.ActiveCfg = Debug|Win32
		{1553F6E0-28A2-4ACF-9B5A-CE462378B30E}.Debug|Win32.Build.0 = Debug|Win32
		{1553F6E0-28A2-4ACF-9B5A-CE462378B30E}.Release|Win32.ActiveCfg = Release|Win32
		{1553F6E0-28A2-4ACF-9B5A-CE462378B30E}.Release|Win32.Build.0 = Release|Win32
		{105EFD56-79A9-4538-A960-69C486E1A503}.Debug|Win32.ActiveCfg = Debug|Win32
		{105EFD56-79A9-4538-A960-69C486E1A503}.Debug|Win32.Build.0 = Debug|Win32
		{105EFD56-79A9-4538-A960-69C486E1A503}.Release|Win32.ActiveCfg = Release|Win32
		{105EFD56-79A9-4538-A960-69C486E1A503}.Release|Win32.Build.0 = Release|Win32
		{343BB3E9-380B-44C4-BB6C-0F4B8FCCAE6F}.Debug|Win32.ActiveCfg = Debug|Win32
		{343BB3E9-380B-44C4-BB6C-0F4B8FCCAE6F}.Debug|Win32.Build.0 = Debug|Win32
		{343BB3E9-380B-44C4-BB6C-0F4B8FCCAE6F}.Release|Win32.ActiveCfg = Release|Win32
		{343BB3E9-380B-44C4-BB6C-0F4B8FCCAE6F}.Release|Win32.Build.0 = Release|Win32
	EndGlobalSection
	GlobalSection(SolutionProperties) = preSolution
		HideSolutionNode = FALSE
	EndGlobalSection
EndGlobal
