<?xml version="1.0" encoding="utf-8"?>
<Project ToolsVersion="4.0" xmlns="http://schemas.microsoft.com/developer/msbuild/2003">
  <ItemGroup>
    <ClInclude Include="include\core\Time.hpp">
      <Filter>core\public</Filter>
    </ClInclude>
    <ClInclude Include="include\core\Game.hpp">
      <Filter>core\public</Filter>
    </ClInclude>
    <ClInclude Include="include\events\IEventListener.hpp">
      <Filter>events\public</Filter>
    </ClInclude>
    <ClInclude Include="include\events\EventManager.hpp">
      <Filter>events\public</Filter>
    </ClInclude>
    <ClInclude Include="include\events\IEvent.hpp">
      <Filter>events\public</Filter>
    </ClInclude>
    <ClInclude Include="include\events\IEventFilter.hpp">
      <Filter>events\public</Filter>
    </ClInclude>
    <ClInclude Include="include\networking\IODevice.hpp">
      <Filter>networking\public</Filter>
    </ClInclude>
    <ClInclude Include="include\networking\IOManager.hpp">
      <Filter>networking\public</Filter>
    </ClInclude>
    <ClInclude Include="include\networking\WinNamedPipe.hpp">
      <Filter>networking\public</Filter>
    </ClInclude>
    <ClInclude Include="include\networking\WinTcpSocket.hpp">
      <Filter>networking\public</Filter>
    </ClInclude>
    <ClInclude Include="include\world\IComponent.hpp">
      <Filter>world\public</Filter>
    </ClInclude>
    <ClInclude Include="include\world\Movement.hpp">
      <Filter>world\public</Filter>
    </ClInclude>
    <ClInclude Include="include\world\Transform.hpp">
      <Filter>world\public</Filter>
    </ClInclude>
    <ClInclude Include="include\world\Vec2.hpp">
      <Filter>world\public</Filter>
    </ClInclude>
    <ClInclude Include="include\world\WorldManager.hpp">
      <Filter>world\public</Filter>
    </ClInclude>
  </ItemGroup>
  <ItemGroup>
    <Filter Include="core">
      <UniqueIdentifier>{2516bdf7-547f-4abe-890f-59dae5bd212b}</UniqueIdentifier>
    </Filter>
    <Filter Include="events">
      <UniqueIdentifier>{3507e4e6-9057-4f5d-83c1-6eda933699b1}</UniqueIdentifier>
    </Filter>
    <Filter Include="networking">
      <UniqueIdentifier>{81b24c0b-e3d4-4246-934c-82ce830042c7}</UniqueIdentifier>
    </Filter>
    <Filter Include="world">
      <UniqueIdentifier>{4a8dbafb-00bf-4ee4-8143-7f4dd00f7345}</UniqueIdentifier>
    </Filter>
    <Filter Include="core\public">
      <UniqueIdentifier>{4782864c-9ee5-4edb-ab52-2cef4ceabcf9}</UniqueIdentifier>
    </Filter>
    <Filter Include="core\private">
      <UniqueIdentifier>{975fdac2-95b2-440e-b14a-6ee121b4d7fe}</UniqueIdentifier>
    </Filter>
    <Filter Include="events\public">
      <UniqueIdentifier>{365d0780-f0aa-4a64-820f-2fd900471b31}</UniqueIdentifier>
    </Filter>
    <Filter Include="networking\public">
      <UniqueIdentifier>{40e0ec10-90e7-4546-8c27-0e43b6d9338f}</UniqueIdentifier>
    </Filter>
    <Filter Include="world\public">
      <UniqueIdentifier>{37962fd3-e715-4627-a3e1-02236278a1fc}</UniqueIdentifier>
    </Filter>
    <Filter Include="world\private">
      <UniqueIdentifier>{5c8aa3f9-810d-408e-820b-a0651af5cb14}</UniqueIdentifier>
    </Filter>
    <Filter Include="networking\private">
      <UniqueIdentifier>{cc621ab5-b64e-4baa-9a11-35c65de0cb05}</UniqueIdentifier>
    </Filter>
    <Filter Include="events\private">
      <UniqueIdentifier>{48ff1304-eb64-4e35-bdf6-8bd444430583}</UniqueIdentifier>
    </Filter>
  </ItemGroup>
  <ItemGroup>
    <ClCompile Include="src\events\EventManager.cpp">
      <Filter>events\private</Filter>
    </ClCompile>
    <ClCompile Include="src\core\Game.cpp">
      <Filter>core\private</Filter>
    </ClCompile>
    <ClCompile Include="src\events\IEvent.cpp">
      <Filter>events\private</Filter>
    </ClCompile>
    <ClCompile Include="src\events\IEventFilter.cpp">
      <Filter>events\private</Filter>
    </ClCompile>
    <ClCompile Include="src\events\IEventListener.cpp">
      <Filter>events\private</Filter>
    </ClCompile>
    <ClCompile Include="src\networking\IOManager.cpp">
      <Filter>networking\private</Filter>
    </ClCompile>
    <ClCompile Include="src\world\Movement.cpp">
      <Filter>world\private</Filter>
    </ClCompile>
    <ClCompile Include="src\core\Time.cpp">
      <Filter>core\private</Filter>
    </ClCompile>
    <ClCompile Include="src\networking\WinNamedPipe.cpp">
      <Filter>networking\private</Filter>
    </ClCompile>
    <ClCompile Include="src\networking\WinTcpSocket.cpp">
      <Filter>networking\private</Filter>
    </ClCompile>
    <ClCompile Include="src\world\WorldManager.cpp">
      <Filter>world\private</Filter>
    </ClCompile>
  </ItemGroup>
</Project>